
Microsoft Visual Studio Solution File, Format Version 12.00
# Visual Studio 15
VisualStudioVersion = 15.0.27004.2009
MinimumVisualStudioVersion = 10.0.40219.1
Project("{FAE04EC0-301F-11D3-BF4B-00C04F79EFBC}") = "myCalculator", "myCalculator\myCalculator.csproj", "{3590B521-F849-49D7-A2EC-554000AE9907}"
EndProject
Global
	GlobalSection(SolutionConfigurationPlatforms) = preSolution
		Debug|Any CPU = Debug|Any CPU
		Release|Any CPU = Release|Any CPU
	EndGlobalSection
	GlobalSection(ProjectConfigurationPlatforms) = postSolution
		{3590B521-F849-49D7-A2EC-554000AE9907}.Debug|Any CPU.ActiveCfg = Debug|Any CPU
		{3590B521-F849-49D7-A2EC-554000AE9907}.Debug|Any CPU.Build.0 = Debug|Any CPU
		{3590B521-F849-49D7-A2EC-554000AE9907}.Release|Any CPU.ActiveCfg = Release|Any CPU
		{3590B521-F849-49D7-A2EC-554000AE9907}.Release|Any CPU.Build.0 = Release|Any CPU
	EndGlobalSection
	GlobalSection(SolutionProperties) = preSolution
		HideSolutionNode = FALSE
	EndGlobalSection
	GlobalSection(ExtensibilityGlobals) = postSolution
		SolutionGuid = {4F122CD9-BFA9-4EA1-BE35-E56FB37672B4}
	EndGlobalSection
EndGlobal
